
Microsoft Visual Studio Solution File, Format Version 12.00
# Visual Studio Version 17
VisualStudioVersion = 17.14.37531.7 d17.14
MinimumVisualStudioVersion = 10.0.40219.1
Project("{FAE04EC0-301F-11D3-BF4B-00C04F79EFBC}") = "VehiclesApi", "VehiclesApi\VehiclesApi.csproj", "{EDA047C0-32C7-4DA5-87C6-B5BF115108A5}"
EndProject
Project("{FAE04EC0-301F-11D3-BF4B-00C04F79EFBC}") = "CustomersApi", "CustomersApi\CustomersApi.csproj", "{0F9574DE-E293-40FD-8D57-7252E08B84CD}"
EndProject
Project("{FAE04EC0-301F-11D3-BF4B-00C04F79EFBC}") = "ReservationsApi", "ReservationsApi\ReservationsApi.csproj", "{ACF312BD-4B81-44D5-8E0E-668DF9171A8B}"
EndProject
Global
	GlobalSection(SolutionConfigurationPlatforms) = preSolution
		Debug|Any CPU = Debug|Any CPU
		Release|Any CPU = Release|Any CPU
	EndGlobalSection
	GlobalSection(ProjectConfigurationPlatforms) = postSolution
		{EDA047C0-32C7-4DA5-87C6-B5BF115108A5}.Debug|Any CPU.ActiveCfg = Debug|Any CPU
		{EDA047C0-32C7-4DA5-87C6-B5BF115108A5}.Debug|Any CPU.Build.0 = Debug|Any CPU
		{EDA047C0-32C7-4DA5-87C6-B5BF115108A5}.Release|Any CPU.ActiveCfg = Release|Any CPU
		{EDA047C0-32C7-4DA5-87C6-B5BF115108A5}.Release|Any CPU.Build.0 = Release|Any CPU
		{0F9574DE-E293-40FD-8D57-7252E08B84CD}.Debug|Any CPU.ActiveCfg = Debug|Any CPU
		{0F9574DE-E293-40FD-8D57-7252E08B84CD}.Debug|Any CPU.Build.0 = Debug|Any CPU
		{0F9574DE-E293-40FD-8D57-7252E08B84CD}.Release|Any CPU.ActiveCfg = Release|Any CPU
		{0F9574DE-E293-40FD-8D57-7252E08B84CD}.Release|Any CPU.Build.0 = Release|Any CPU
		{ACF312BD-4B81-44D5-8E0E-668DF9171A8B}.Debug|Any CPU.ActiveCfg = Debug|Any CPU
		{ACF312BD-4B81-44D5-8E0E-668DF9171A8B}.Debug|Any CPU.Build.0 = Debug|Any CPU
		{ACF312BD-4B81-44D5-8E0E-668DF9171A8B}.Release|Any CPU.ActiveCfg = Release|Any CPU
		{ACF312BD-4B81-44D5-8E0E-668DF9171A8B}.Release|Any CPU.Build.0 = Release|Any CPU
	EndGlobalSection
	GlobalSection(SolutionProperties) = preSolution
		HideSolutionNode = FALSE
	EndGlobalSection
	GlobalSection(ExtensibilityGlobals) = postSolution
		SolutionGuid = {53D27B15-4231-450B-9D95-4A04072A850E}
	EndGlobalSection
EndGlobal
